
Microsoft Visual Studio Solution File, Format Version 12.00
# Visual Studio Version 16
VisualStudioVersion = 16.0.31727.386
MinimumVisualStudioVersion = 10.0.40219.1
Project("{9A19103F-16F7-4668-BE54-9A1E7A4F7556}") = "Foundation", "Foundation\Foundation.csproj", "{FCD17540-2926-4DE5-B5A8-AA2B666A4236}"
EndProject
Project("{9A19103F-16F7-4668-BE54-9A1E7A4F7556}") = "TicTacToe", "TicTacToe\TicTacToe.csproj", "{8DBDA424-98CD-46C3-81FF-D821F3225167}"
EndProject
Project("{9A19103F-16F7-4668-BE54-9A1E7A4F7556}") = "ConsoleLibrary", "ConsoleLibrary\ConsoleLibrary.csproj", "{CB175648-AE0D-4086-8ED2-551C0F4D76F2}"
EndProject
Project("{9A19103F-16F7-4668-BE54-9A1E7A4F7556}") = "MasterMind", "MasterMind\MasterMind.csproj", "{45B3EFA0-6FEC-4F5B-BD61-BC9FA248267E}"
EndProject
Project("{9A19103F-16F7-4668-BE54-9A1E7A4F7556}") = "MasterMindLibrary", "MasterMindLibrary\MasterMindLibrary.csproj", "{EE98747F-6A0B-40CE-8B56-D2800BBBAB48}"
EndProject
Project("{9A19103F-16F7-4668-BE54-9A1E7A4F7556}") = "WinForms", "WinForms\WinForms.csproj", "{86E601DF-D458-42F2-AD70-7B26AE0281D5}"
EndProject
Project("{9A19103F-16F7-4668-BE54-9A1E7A4F7556}") = "NumberGuess-WinForms", "NumberGuess-WinForms\NumberGuess-WinForms.csproj", "{84B8BD61-D973-4759-8130-E9624A1C5ADF}"
EndProject
Project("{9A19103F-16F7-4668-BE54-9A1E7A4F7556}") = "WPF", "WPF\WPF.csproj", "{AB5E95CD-E6CA-4366-AB95-88A7101FB99D}"
EndProject
Project("{9A19103F-16F7-4668-BE54-9A1E7A4F7556}") = "WPF_Calculator", "WPF_Calculator\WPF_Calculator.csproj", "{170C25C2-D877-4515-AED1-888A9A7D7F97}"
EndProject
Project("{9A19103F-16F7-4668-BE54-9A1E7A4F7556}") = "Match Game", "Match Game\Match Game.csproj", "{BEC3881A-F276-4C5A-BB96-6E0832917178}"
EndProject
Project("{FAE04EC0-301F-11D3-BF4B-00C04F79EFBC}") = "Login", "Login\Login.csproj", "{E7981D27-4FA4-4D77-B35C-91497EF75CDB}"
EndProject
Global
	GlobalSection(SolutionConfigurationPlatforms) = preSolution
		Debug|Any CPU = Debug|Any CPU
		Release|Any CPU = Release|Any CPU
	EndGlobalSection
	GlobalSection(ProjectConfigurationPlatforms) = postSolution
		{FCD17540-2926-4DE5-B5A8-AA2B666A4236}.Debug|Any CPU.ActiveCfg = Debug|Any CPU
		{FCD17540-2926-4DE5-B5A8-AA2B666A4236}.Debug|Any CPU.Build.0 = Debug|Any CPU
		{FCD17540-2926-4DE5-B5A8-AA2B666A4236}.Release|Any CPU.ActiveCfg = Release|Any CPU
		{FCD17540-2926-4DE5-B5A8-AA2B666A4236}.Release|Any CPU.Build.0 = Release|Any CPU
		{8DBDA424-98CD-46C3-81FF-D821F3225167}.Debug|Any CPU.ActiveCfg = Debug|Any CPU
		{8DBDA424-98CD-46C3-81FF-D821F3225167}.Debug|Any CPU.Build.0 = Debug|Any CPU
		{8DBDA424-98CD-46C3-81FF-D821F3225167}.Release|Any CPU.ActiveCfg = Release|Any CPU
		{8DBDA424-98CD-46C3-81FF-D821F3225167}.Release|Any CPU.Build.0 = Release|Any CPU
		{CB175648-AE0D-4086-8ED2-551C0F4D76F2}.Debug|Any CPU.ActiveCfg = Debug|Any CPU
		{CB175648-AE0D-4086-8ED2-551C0F4D76F2}.Debug|Any CPU.Build.0 = Debug|Any CPU
		{CB175648-AE0D-4086-8ED2-551C0F4D76F2}.Release|Any CPU.ActiveCfg = Release|Any CPU
		{CB175648-AE0D-4086-8ED2-551C0F4D76F2}.Release|Any CPU.Build.0 = Release|Any CPU
		{45B3EFA0-6FEC-4F5B-BD61-BC9FA248267E}.Debug|Any CPU.ActiveCfg = Debug|Any CPU
		{45B3EFA0-6FEC-4F5B-BD61-BC9FA248267E}.Debug|Any CPU.Build.0 = Debug|Any CPU
		{45B3EFA0-6FEC-4F5B-BD61-BC9FA248267E}.Release|Any CPU.ActiveCfg = Release|Any CPU
		{45B3EFA0-6FEC-4F5B-BD61-BC9FA248267E}.Release|Any CPU.Build.0 = Release|Any CPU
		{EE98747F-6A0B-40CE-8B56-D2800BBBAB48}.Debug|Any CPU.ActiveCfg = Debug|Any CPU
		{EE98747F-6A0B-40CE-8B56-D2800BBBAB48}.Debug|Any CPU.Build.0 = Debug|Any CPU
		{EE98747F-6A0B-40CE-8B56-D2800BBBAB48}.Release|Any CPU.ActiveCfg = Release|Any CPU
		{EE98747F-6A0B-40CE-8B56-D2800BBBAB48}.Release|Any CPU.Build.0 = Release|Any CPU
		{86E601DF-D458-42F2-AD70-7B26AE0281D5}.Debug|Any CPU.ActiveCfg = Debug|Any CPU
		{86E601DF-D458-42F2-AD70-7B26AE0281D5}.Debug|Any CPU.Build.0 = Debug|Any CPU
		{86E601DF-D458-42F2-AD70-7B26AE0281D5}.Release|Any CPU.ActiveCfg = Release|Any CPU
		{86E601DF-D458-42F2-AD70-7B26AE0281D5}.Release|Any CPU.Build.0 = Release|Any CPU
		{84B8BD61-D973-4759-8130-E9624A1C5ADF}.Debug|Any CPU.ActiveCfg = Debug|Any CPU
		{84B8BD61-D973-4759-8130-E9624A1C5ADF}.Debug|Any CPU.Build.0 = Debug|Any CPU
		{84B8BD61-D973-4759-8130-E9624A1C5ADF}.Release|Any CPU.ActiveCfg = Release|Any CPU
		{84B8BD61-D973-4759-8130-E9624A1C5ADF}.Release|Any CPU.Build.0 = Release|Any CPU
		{AB5E95CD-E6CA-4366-AB95-88A7101FB99D}.Debug|Any CPU.ActiveCfg = Debug|Any CPU
		{AB5E95CD-E6CA-4366-AB95-88A7101FB99D}.Debug|Any CPU.Build.0 = Debug|Any CPU
		{AB5E95CD-E6CA-4366-AB95-88A7101FB99D}.Release|Any CPU.ActiveCfg = Release|Any CPU
		{AB5E95CD-E6CA-4366-AB95-88A7101FB99D}.Release|Any CPU.Build.0 = Release|Any CPU
		{170C25C2-D877-4515-AED1-888A9A7D7F97}.Debug|Any CPU.ActiveCfg = Debug|Any CPU
		{170C25C2-D877-4515-AED1-888A9A7D7F97}.Debug|Any CPU.Build.0 = Debug|Any CPU
		{170C25C2-D877-4515-AED1-888A9A7D7F97}.Release|Any CPU.ActiveCfg = Release|Any CPU
		{170C25C2-D877-4515-AED1-888A9A7D7F97}.Release|Any CPU.Build.0 = Release|Any CPU
		{BEC3881A-F276-4C5A-BB96-6E0832917178}.Debug|Any CPU.ActiveCfg = Debug|Any CPU
		{BEC3881A-F276-4C5A-BB96-6E0832917178}.Debug|Any CPU.Build.0 = Debug|Any CPU
		{BEC3881A-F276-4C5A-BB96-6E0832917178}.Release|Any CPU.ActiveCfg = Release|Any CPU
		{BEC3881A-F276-4C5A-BB96-6E0832917178}.Release|Any CPU.Build.0 = Release|Any CPU
		{E7981D27-4FA4-4D77-B35C-91497EF75CDB}.Debug|Any CPU.ActiveCfg = Debug|Any CPU
		{E7981D27-4FA4-4D77-B35C-91497EF75CDB}.Debug|Any CPU.Build.0 = Debug|Any CPU
		{E7981D27-4FA4-4D77-B35C-91497EF75CDB}.Release|Any CPU.ActiveCfg = Release|Any CPU
		{E7981D27-4FA4-4D77-B35C-91497EF75CDB}.Release|Any CPU.Build.0 = Release|Any CPU
	EndGlobalSection
	GlobalSection(SolutionProperties) = preSolution
		HideSolutionNode = FALSE
	EndGlobalSection
	GlobalSection(ExtensibilityGlobals) = postSolution
		SolutionGuid = {608B6BD3-AC07-40D2-A655-838CD0B88E66}
	EndGlobalSection
EndGlobal
